
Microsoft Visual Studio Solution File, Format Version 12.00
# Visual Studio 15
VisualStudioVersion = 15.0.26730.16
MinimumVisualStudioVersion = 10.0.40219.1
Project("{FAE04EC0-301F-11D3-BF4B-00C04F79EFBC}") = "Retailcrm", "Retailcrm\Retailcrm.csproj", "{9C378EF4-9F9B-4214-A9AA-1FC3C44EDB41}"
EndProject
Project("{FAE04EC0-301F-11D3-BF4B-00C04F79EFBC}") = "RetailcrmUnitTest", "RetailcrmUnitTest\RetailcrmUnitTest.csproj", "{4069C2BC-C277-48A3-96AE-DA5934A75F4D}"
	ProjectSection(ProjectDependencies) = postProject
		{9C378EF4-9F9B-4214-A9AA-1FC3C44EDB41} = {9C378EF4-9F9B-4214-A9AA-1FC3C44EDB41}
	EndProjectSection
EndProject
Global
	GlobalSection(SolutionConfigurationPlatforms) = preSolution
		Debug|Any CPU = Debug|Any CPU
		Release|Any CPU = Release|Any CPU
	EndGlobalSection
	GlobalSection(ProjectConfigurationPlatforms) = postSolution
		{9C378EF4-9F9B-4214-A9AA-1FC3C44EDB41}.Debug|Any CPU.ActiveCfg = Debug|Any CPU
		{9C378EF4-9F9B-4214-A9AA-1FC3C44EDB41}.Debug|Any CPU.Build.0 = Debug|Any CPU
		{9C378EF4-9F9B-4214-A9AA-1FC3C44EDB41}.Release|Any CPU.ActiveCfg = Release|Any CPU
		{9C378EF4-9F9B-4214-A9AA-1FC3C44EDB41}.Release|Any CPU.Build.0 = Release|Any CPU
		{4069C2BC-C277-48A3-96AE-DA5934A75F4D}.Debug|Any CPU.ActiveCfg = Debug|Any CPU
		{4069C2BC-C277-48A3-96AE-DA5934A75F4D}.Debug|Any CPU.Build.0 = Debug|Any CPU
		{4069C2BC-C277-48A3-96AE-DA5934A75F4D}.Release|Any CPU.ActiveCfg = Release|Any CPU
		{4069C2BC-C277-48A3-96AE-DA5934A75F4D}.Release|Any CPU.Build.0 = Release|Any CPU
	EndGlobalSection
	GlobalSection(SolutionProperties) = preSolution
		HideSolutionNode = FALSE
	EndGlobalSection
	GlobalSection(ExtensibilityGlobals) = postSolution
		SolutionGuid = {7EB29423-9A10-4953-B3E8-563908B2D206}
	EndGlobalSection
EndGlobal
